
Microsoft Visual Studio Solution File, Format Version 12.00
# Visual Studio Version 17
VisualStudioVersion = 17.4.33213.308
MinimumVisualStudioVersion = 10.0.40219.1
Project("{FAE04EC0-301F-11D3-BF4B-00C04F79EFBC}") = "Demo", "Demo\Demo.csproj", "{7DDA9CF2-1D1A-4F31-852A-27B7BE20E3BA}"
EndProject
Project("{FAE04EC0-301F-11D3-BF4B-00C04F79EFBC}") = "Demo1", "Demo1\Demo1.csproj", "{C9A64DEB-734B-4C3C-9E27-13EC1677BD79}"
EndProject
Project("{FAE04EC0-301F-11D3-BF4B-00C04F79EFBC}") = "ProductAppication", "Demo2\ProductAppication.csproj", "{2CBFA678-2646-4D3B-B9E0-9416DD29EC4D}"
EndProject
Project("{FAE04EC0-301F-11D3-BF4B-00C04F79EFBC}") = "SerializationDemo", "SerializationDemo\SerializationDemo.csproj", "{A3AEEE00-DF31-4F8D-A83E-5E8B9EE30209}"
EndProject
Project("{FAE04EC0-301F-11D3-BF4B-00C04F79EFBC}") = "DemoLoginPage", "DemoLoginPage\DemoLoginPage.csproj", "{2F9DD5AB-1595-427C-B38D-A55C7E24A717}"
EndProject
Global
	GlobalSection(SolutionConfigurationPlatforms) = preSolution
		Debug|Any CPU = Debug|Any CPU
		Release|Any CPU = Release|Any CPU
	EndGlobalSection
	GlobalSection(ProjectConfigurationPlatforms) = postSolution
		{7DDA9CF2-1D1A-4F31-852A-27B7BE20E3BA}.Debug|Any CPU.ActiveCfg = Debug|Any CPU
		{7DDA9CF2-1D1A-4F31-852A-27B7BE20E3BA}.Debug|Any CPU.Build.0 = Debug|Any CPU
		{7DDA9CF2-1D1A-4F31-852A-27B7BE20E3BA}.Release|Any CPU.ActiveCfg = Release|Any CPU
		{7DDA9CF2-1D1A-4F31-852A-27B7BE20E3BA}.Release|Any CPU.Build.0 = Release|Any CPU
		{C9A64DEB-734B-4C3C-9E27-13EC1677BD79}.Debug|Any CPU.ActiveCfg = Debug|Any CPU
		{C9A64DEB-734B-4C3C-9E27-13EC1677BD79}.Debug|Any CPU.Build.0 = Debug|Any CPU
		{C9A64DEB-734B-4C3C-9E27-13EC1677BD79}.Release|Any CPU.ActiveCfg = Release|Any CPU
		{C9A64DEB-734B-4C3C-9E27-13EC1677BD79}.Release|Any CPU.Build.0 = Release|Any CPU
		{2CBFA678-2646-4D3B-B9E0-9416DD29EC4D}.Debug|Any CPU.ActiveCfg = Debug|Any CPU
		{2CBFA678-2646-4D3B-B9E0-9416DD29EC4D}.Debug|Any CPU.Build.0 = Debug|Any CPU
		{2CBFA678-2646-4D3B-B9E0-9416DD29EC4D}.Release|Any CPU.ActiveCfg = Release|Any CPU
		{2CBFA678-2646-4D3B-B9E0-9416DD29EC4D}.Release|Any CPU.Build.0 = Release|Any CPU
		{A3AEEE00-DF31-4F8D-A83E-5E8B9EE30209}.Debug|Any CPU.ActiveCfg = Debug|Any CPU
		{A3AEEE00-DF31-4F8D-A83E-5E8B9EE30209}.Debug|Any CPU.Build.0 = Debug|Any CPU
		{A3AEEE00-DF31-4F8D-A83E-5E8B9EE30209}.Release|Any CPU.ActiveCfg = Release|Any CPU
		{A3AEEE00-DF31-4F8D-A83E-5E8B9EE30209}.Release|Any CPU.Build.0 = Release|Any CPU
		{2F9DD5AB-1595-427C-B38D-A55C7E24A717}.Debug|Any CPU.ActiveCfg = Debug|Any CPU
		{2F9DD5AB-1595-427C-B38D-A55C7E24A717}.Debug|Any CPU.Build.0 = Debug|Any CPU
		{2F9DD5AB-1595-427C-B38D-A55C7E24A717}.Release|Any CPU.ActiveCfg = Release|Any CPU
		{2F9DD5AB-1595-427C-B38D-A55C7E24A717}.Release|Any CPU.Build.0 = Release|Any CPU
	EndGlobalSection
	GlobalSection(SolutionProperties) = preSolution
		HideSolutionNode = FALSE
	EndGlobalSection
	GlobalSection(ExtensibilityGlobals) = postSolution
		SolutionGuid = {16250402-9386-4D54-98D2-CFE844B6AF64}
	EndGlobalSection
EndGlobal
